{
  "name": "code-scaffold",
  "lockfileVersion": 3,
  "requires": true,
  "packages": {
    "": {
      "dependencies": {
        "echarts": "^6.1.0",
        "wangeditor": "^4.7.15"
      }
    },
    "node_modules/@babel/runtime": {
      "version": "7.29.7",
      "resolved": "https://registry.npmjs.org/@babel/runtime/-/runtime-7.29.7.tgz",
      "integrity": "sha512-Nq8OhGWiZIZGV6hLHoyAKLLcJihP/xFeBMGJoUrxTX2psI8dCifzLhZISFb+VWS3wFMRDmCGw5R+dOySCqPLhw==",
      "license": "MIT",
      "engines": {
        "node": ">=6.9.0"
      }
    },
    "node_modules/@babel/runtime-corejs3": {
      "version": "7.29.7",
      "resolved": "https://registry.npmjs.org/@babel/runtime-corejs3/-/runtime-corejs3-7.29.7.tgz",
      "integrity": "sha512-ppj9ouYku+RX0ljtgZd+KMO5mkM2bCqg8H2PYAFWnLsHEIKIdRojqbJ2i3eVHrisuxy7nOFCmngTDdWtUCdXUQ==",
      "license": "MIT",
      "dependencies": {
        "core-js-pure": "^3.48.0"
      },
      "engines": {
        "node": ">=6.9.0"
      }
    },
    "node_modules/core-js-pure": {
      "version": "3.50.0",
      "resolved": "https://registry.npmjs.org/core-js-pure/-/core-js-pure-3.50.0.tgz",
      "integrity": "sha512-6GP3Pxz4IKyWjAfa747vIu/jilB5z29JWROLqH/b+pXVcpgh6tM06ZIBwSuglgVqzDYURhOK6oEzTrG0bCHitA==",
      "hasInstallScript": true,
      "license": "MIT",
      "engines": {
        "node": "*"
      },
      "funding": {
        "type": "opencollective",
        "url": "https://opencollective.com/core-js"
      }
    },
    "node_modules/echarts": {
      "version": "6.1.0",
      "resolved": "https://registry.npmjs.org/echarts/-/echarts-6.1.0.tgz",
      "integrity": "sha512-q0yaFPggC9FUdsWH4blavRWFmxdrIodbkoKNAjJudAI6CA9gNPxHtV2RcZNEepZVlk4yvBYkOkbk6HIVpIyHZA==",
      "license": "Apache-2.0",
      "dependencies": {
        "tslib": "2.3.0",
        "zrender": "6.1.0"
      }
    },
    "node_modules/echarts/node_modules/tslib": {
      "version": "2.3.0",
      "resolved": "https://registry.npmjs.org/tslib/-/tslib-2.3.0.tgz",
      "integrity": "sha512-N82ooyxVNm6h1riLCoyS9e3fuJ3AMG2zIZs2Gd1ATcSFjSA23Q0fzjjZeh0jbJvWVDZ0cJT8yaNNaaXHzueNjg==",
      "license": "0BSD"
    },
    "node_modules/tslib": {
      "version": "2.8.1",
      "resolved": "https://registry.npmjs.org/tslib/-/tslib-2.8.1.tgz",
      "integrity": "sha512-oJFu94HQb+KVduSUQL7wnpmqnfmLsOA/nAh6b6EH0wCEoK0/mPeXU6c3wKDV83MkOuHPRHtSXKKU99IBazS/2w==",
      "license": "0BSD"
    },
    "node_modules/wangeditor": {
      "version": "4.7.15",
      "resolved": "https://registry.npmjs.org/wangeditor/-/wangeditor-4.7.15.tgz",
      "integrity": "sha512-aPTdREd8BxXVyJ5MI+LU83FQ7u1EPd341iXIorRNYSOvoimNoZ4nPg+yn3FGbB93/owEa6buLw8wdhYnMCJQLg==",
      "license": "MIT",
      "dependencies": {
        "@babel/runtime": "^7.11.2",
        "@babel/runtime-corejs3": "^7.11.2",
        "tslib": "^2.1.0"
      }
    },
    "node_modules/zrender": {
      "version": "6.1.0",
      "resolved": "https://registry.npmjs.org/zrender/-/zrender-6.1.0.tgz",
      "integrity": "sha512-oEGMDB6pOP2S6OwRR4PdVv610zrjnA3Bh+JnSG12fYJlBKjtNAoEb5fSUoCOOINlH96I2fU38/A2UpRKs67xYQ==",
      "license": "BSD-3-Clause",
      "dependencies": {
        "tslib": "2.3.0"
      }
    },
    "node_modules/zrender/node_modules/tslib": {
      "version": "2.3.0",
      "resolved": "https://registry.npmjs.org/tslib/-/tslib-2.3.0.tgz",
      "integrity": "sha512-N82ooyxVNm6h1riLCoyS9e3fuJ3AMG2zIZs2Gd1ATcSFjSA23Q0fzjjZeh0jbJvWVDZ0cJT8yaNNaaXHzueNjg==",
      "license": "0BSD"
    }
  }
}
